
Microsoft Visual Studio Solution File, Format Version 12.00
# Visual Studio Version 17
VisualStudioVersion = 17.12.35707.178 d17.12
MinimumVisualStudioVersion = 10.0.40219.1
Project("{FAE04EC0-301F-11D3-BF4B-00C04F79EFBC}") = "DiscosWeb", "DiscosWeb\DiscosWeb.csproj", "{32415A12-3EC4-4B7E-91B1-7129FF733C8A}"
EndProject
Project("{FAE04EC0-301F-11D3-BF4B-00C04F79EFBC}") = "dominio", "dominio\dominio.csproj", "{021CAEDF-CD87-40E7-8A12-A49442257AAF}"
EndProject
Project("{FAE04EC0-301F-11D3-BF4B-00C04F79EFBC}") = "data", "data\data.csproj", "{EBA95519-CBDE-41AF-AE15-E036FF9789A4}"
EndProject
Global
	GlobalSection(SolutionConfigurationPlatforms) = preSolution
		Debug|Any CPU = Debug|Any CPU
		Release|Any CPU = Release|Any CPU
	EndGlobalSection
	GlobalSection(ProjectConfigurationPlatforms) = postSolution
		{32415A12-3EC4-4B7E-91B1-7129FF733C8A}.Debug|Any CPU.ActiveCfg = Debug|Any CPU
		{32415A12-3EC4-4B7E-91B1-7129FF733C8A}.Debug|Any CPU.Build.0 = Debug|Any CPU
		{32415A12-3EC4-4B7E-91B1-7129FF733C8A}.Release|Any CPU.ActiveCfg = Release|Any CPU
		{32415A12-3EC4-4B7E-91B1-7129FF733C8A}.Release|Any CPU.Build.0 = Release|Any CPU
		{021CAEDF-CD87-40E7-8A12-A49442257AAF}.Debug|Any CPU.ActiveCfg = Debug|Any CPU
		{021CAEDF-CD87-40E7-8A12-A49442257AAF}.Debug|Any CPU.Build.0 = Debug|Any CPU
		{021CAEDF-CD87-40E7-8A12-A49442257AAF}.Release|Any CPU.ActiveCfg = Release|Any CPU
		{021CAEDF-CD87-40E7-8A12-A49442257AAF}.Release|Any CPU.Build.0 = Release|Any CPU
		{EBA95519-CBDE-41AF-AE15-E036FF9789A4}.Debug|Any CPU.ActiveCfg = Debug|Any CPU
		{EBA95519-CBDE-41AF-AE15-E036FF9789A4}.Debug|Any CPU.Build.0 = Debug|Any CPU
		{EBA95519-CBDE-41AF-AE15-E036FF9789A4}.Release|Any CPU.ActiveCfg = Release|Any CPU
		{EBA95519-CBDE-41AF-AE15-E036FF9789A4}.Release|Any CPU.Build.0 = Release|Any CPU
	EndGlobalSection
	GlobalSection(SolutionProperties) = preSolution
		HideSolutionNode = FALSE
	EndGlobalSection
EndGlobal
